// !$*UTF8*$!
{
	archiveVersion = 1;
	classes = {
	};
	objectVersion = 50;
	objects = {

/* Begin PBXBuildFile section */
		61B04418271DFB8800C00FA4 /* AppDelegate.swift in Sources */ = {isa = PBXBuildFile; fileRef = 61B04417271DFB8800C00FA4 /* AppDelegate.swift */; };
		61B0441A271DFB8800C00FA4 /* SceneDelegate.swift in Sources */ = {isa = PBXBuildFile; fileRef = 61B04419271DFB8800C00FA4 /* SceneDelegate.swift */; };
		61B0441C271DFB8800C00FA4 /* ViewController.swift in Sources */ = {isa = PBXBuildFile; fileRef = 61B0441B271DFB8800C00FA4 /* ViewController.swift */; };
		61B0441F271DFB8800C00FA4 /* Main.storyboard in Resources */ = {isa = PBXBuildFile; fileRef = 61B0441D271DFB8800C00FA4 /* Main.storyboard */; };
		61B04421271DFBAE00C00FA4 /* Assets.xcassets in Resources */ = {isa = PBXBuildFile; fileRef = 61B04420271DFBAE00C00FA4 /* Assets.xcassets */; };
		61B04424271DFBAE00C00FA4 /* LaunchScreen.storyboard in Resources */ = {isa = PBXBuildFile; fileRef = 61B04422271DFBAE00C00FA4 /* LaunchScreen.storyboard */; };
		61B0442F271DFBB000C00FA4 /* PreworkTests.swift in Sources */ = {isa = PBXBuildFile; fileRef = 61B0442E271DFBB000C00FA4 /* PreworkTests.swift */; };
		61B0443A271DFBB000C00FA4 /* PreworkUITests.swift in Sources */ = {isa = PBXBuildFile; fileRef = 61B04439271DFBB000C00FA4 /* PreworkUITests.swift */; };
/* End PBXBuildFile section */

/* Begin PBXContainerItemProxy section */
		61B0442B271DFBB000C00FA4 /* PBXContainerItemProxy */ = {
			isa = PBXContainerItemProxy;
			containerPortal = 61B0440C271DFB8700C00FA4 /* Project object */;
			proxyType = 1;
			remoteGlobalIDString = 61B04413271DFB8700C00FA4;
			remoteInfo = Prework;
		};
		61B04436271DFBB000C00FA4 /* PBXContainerItemProxy */ = {
			isa = PBXContainerItemProxy;
			containerPortal = 61B0440C271DFB8700C00FA4 /* Project object */;
			proxyType = 1;
			remoteGlobalIDString = 61B04413271DFB8700C00FA4;
			remoteInfo = Prework;
		};
/* End PBXContainerItemProxy section */

/* Begin PBXFileReference section */
		61B04414271DFB8800C00FA4 /* Prework.app */ = {isa = PBXFileReference; explicitFileType = wrapper.application; includeInIndex = 0; path = Prework.app; sourceTree = BUILT_PRODUCTS_DIR; };
		61B04417271DFB8800C00FA4 /* AppDelegate.swift */ = {isa = PBXFileReference; lastKnownFileType = sourcecode.swift; path = AppDelegate.swift; sourceTree = "<group>"; };
		61B04419271DFB8800C00FA4 /* SceneDelegate.swift */ = {isa = PBXFileReference; lastKnownFileType = sourcecode.swift; path = SceneDelegate.swift; sourceTree = "<group>"; };
		61B0441B271DFB8800C00FA4 /* ViewController.swift */ = {isa = PBXFileReference; lastKnownFileType = sourcecode.swift; path = ViewController.swift; sourceTree = "<group>"; };
		61B0441E271DFB8800C00FA4 /* Base */ = {isa = PBXFileReference; lastKnownFileType = file.storyboard; name = Base; path = Base.lproj/Main.storyboard; sourceTree = "<group>"; };
		61B04420271DFBAE00C00FA4 /* Assets.xcassets */ = {isa = PBXFileReference; lastKnownFileType = folder.assetcatalog; path = Assets.xcassets; sourceTree = "<group>"; };
		61B04423271DFBAE00C00FA4 /* Base */ = {isa = PBXFileReference; lastKnownFileType = file.storyboard; name = Base; path = Base.lproj/LaunchScreen.storyboard; sourceTree = "<group>"; };
		61B04425271DFBAE00C00FA4 /* Info.plist */ = {isa = PBXFileReference; lastKnownFileType = text.plist.xml; path = Info.plist; sourceTree = "<group>"; };
		61B0442A271DFBB000C00FA4 /* PreworkTests.xctest */ = {isa = PBXFileReference; explicitFileType = wrapper.cfbundle; includeInIndex = 0; path = PreworkTests.xctest; sourceTree = BUILT_PRODUCTS_DIR; };
		61B0442E271DFBB000C00FA4 /* PreworkTests.swift */ = {isa = PBXFileReference; lastKnownFileType = sourcecode.swift; path = PreworkTests.swift; sourceTree = "<group>"; };
		61B04430271DFBB000C00FA4 /* Info.plist */ = {isa = PBXFileReference; lastKnownFileType = text.plist.xml; path = Info.plist; sourceTree = "<group>"; };
		61B04435271DFBB000C00FA4 /* PreworkUITests.xctest */ = {isa = PBXFileReference; explicitFileType = wrapper.cfbundle; includeInIndex = 0; path = PreworkUITests.xctest; sourceTree = BUILT_PRODUCTS_DIR; };
		61B04439271DFBB000C00FA4 /* PreworkUITests.swift */ = {isa = PBXFileReference; lastKnownFileType = sourcecode.swift; path = PreworkUITests.swift; sourceTree = "<group>"; };
		61B0443B271DFBB000C00FA4 /* Info.plist */ = {isa = PBXFileReference; lastKnownFileType = text.plist.xml; path = Info.plist; sourceTree = "<group>"; };
/* End PBXFileReference section */

/* Begin PBXFrameworksBuildPhase section */
		61B04411271DFB8700C00FA4 /* Frameworks */ = {
			isa = PBXFrameworksBuildPhase;
			buildActionMask = 2147483647;
			files = (
			);
			runOnlyForDeploymentPostprocessing = 0;
		};
		61B04427271DFBB000C00FA4 /* Frameworks */ = {
			isa = PBXFrameworksBuildPhase;
			buildActionMask = 2147483647;
			files = (
			);
			runOnlyForDeploymentPostprocessing = 0;
		};
		61B04432271DFBB000C00FA4 /* Frameworks */ = {
			isa = PBXFrameworksBuildPhase;
			buildActionMask = 2147483647;
			files = (
			);
			runOnlyForDeploymentPostprocessing = 0;
		};
/* End PBXFrameworksBuildPhase section */

/* Begin PBXGroup section */
		61B0440B271DFB8700C00FA4 = {
			isa = PBXGroup;
			children = (
				61B04416271DFB8800C00FA4 /* Prework */,
				61B0442D271DFBB000C00FA4 /* PreworkTests */,
				61B04438271DFBB000C00FA4 /* PreworkUITests */,
				61B04415271DFB8800C00FA4 /* Products */,
			);
			sourceTree = "<group>";
		};
		61B04415271DFB8800C00FA4 /* Products */ = {
			isa = PBXGroup;
			children = (
				61B04414271DFB8800C00FA4 /* Prework.app */,
				61B0442A271DFBB000C00FA4 /* PreworkTests.xctest */,
				61B04435271DFBB000C00FA4 /* PreworkUITests.xctest */,
			);
			name = Products;
			sourceTree = "<group>";
		};
		61B04416271DFB8800C00FA4 /* Prework */ = {
			isa = PBXGroup;
			children = (
				61B04417271DFB8800C00FA4 /* AppDelegate.swift */,
				61B04419271DFB8800C00FA4 /* SceneDelegate.swift */,
				61B0441B271DFB8800C00FA4 /* ViewController.swift */,
				61B0441D271DFB8800C00FA4 /* Main.storyboard */,
				61B04420271DFBAE00C00FA4 /* Assets.xcassets */,
				61B04422271DFBAE00C00FA4 /* LaunchScreen.storyboard */,
				61B04425271DFBAE00C00FA4 /* Info.plist */,
			);
			path = Prework;
			sourceTree = "<group>";
		};
		61B0442D271DFBB000C00FA4 /* PreworkTests */ = {
			isa = PBXGroup;
			children = (
				61B0442E271DFBB000C00FA4 /* PreworkTests.swift */,
				61B04430271DFBB000C00FA4 /* Info.plist */,
			);
			path = PreworkTests;
			sourceTree = "<group>";
		};
		61B04438271DFBB000C00FA4 /* PreworkUITests */ = {
			isa = PBXGroup;
			children = (
				61B04439271DFBB000C00FA4 /* PreworkUITests.swift */,
				61B0443B271DFBB000C00FA4 /* Info.plist */,
			);
			path = PreworkUITests;
			sourceTree = "<group>";
		};
/* End PBXGroup section */

/* Begin PBXNativeTarget section */
		61B04413271DFB8700C00FA4 /* Prework */ = {
			isa = PBXNativeTarget;
			buildConfigurationList = 61B0443E271DFBB000C00FA4 /* Build configuration list for PBXNativeTarget "Prework" */;
			buildPhases = (
				61B04410271DFB8700C00FA4 /* Sources */,
				61B04411271DFB8700C00FA4 /* Frameworks */,
				61B04412271DFB8700C00FA4 /* Resources */,
			);
			buildRules = (
			);
			dependencies = (
			);
			name = Prework;
			productName = Prework;
			productReference = 61B04414271DFB8800C00FA4 /* Prework.app */;
			productType = "com.apple.product-type.application";
		};
		61B04429271DFBB000C00FA4 /* PreworkTests */ = {
			isa = PBXNativeTarget;
			buildConfigurationList = 61B04441271DFBB000C00FA4 /* Build configuration list for PBXNativeTarget "PreworkTests" */;
			buildPhases = (
				61B04426271DFBB000C00FA4 /* Sources */,
				61B04427271DFBB000C00FA4 /* Frameworks */,
				61B04428271DFBB000C00FA4 /* Resources */,
			);
			buildRules = (
			);
			dependencies = (
				61B0442C271DFBB000C00FA4 /* PBXTargetDependency */,
			);
			name = PreworkTests;
			productName = PreworkTests;
			productReference = 61B0442A271DFBB000C00FA4 /* PreworkTests.xctest */;
			productType = "com.apple.product-type.bundle.unit-test";
		};
		61B04434271DFBB000C00FA4 /* PreworkUITests */ = {
			isa = PBXNativeTarget;
			buildConfigurationList = 61B04444271DFBB000C00FA4 /* Build configuration list for PBXNativeTarget "PreworkUITests" */;
			buildPhases = (
				61B04431271DFBB000C00FA4 /* Sources */,
				61B04432271DFBB000C00FA4 /* Frameworks */,
				61B04433271DFBB000C00FA4 /* Resources */,
			);
			buildRules = (
			);
			dependencies = (
				61B04437271DFBB000C00FA4 /* PBXTargetDependency */,
			);
			name = PreworkUITests;
			productName = PreworkUITests;
			productReference = 61B04435271DFBB000C00FA4 /* PreworkUITests.xctest */;
			productType = "com.apple.product-type.bundle.ui-testing";
		};
/* End PBXNativeTarget section */

/* Begin PBXProject section */
		61B0440C271DFB8700C00FA4 /* Project object */ = {
			isa = PBXProject;
			attributes = {
				LastSwiftUpdateCheck = 1130;
				LastUpgradeCheck = 1130;
				ORGANIZATIONNAME = "Center for Innovation";
				TargetAttributes = {
					61B04413271DFB8700C00FA4 = {
						CreatedOnToolsVersion = 11.3.1;
					};
					61B04429271DFBB000C00FA4 = {
						CreatedOnToolsVersion = 11.3.1;
						TestTargetID = 61B04413271DFB8700C00FA4;
					};
					61B04434271DFBB000C00FA4 = {
						CreatedOnToolsVersion = 11.3.1;
						TestTargetID = 61B04413271DFB8700C00FA4;
					};
				};
			};
			buildConfigurationList = 61B0440F271DFB8700C00FA4 /* Build configuration list for PBXProject "Prework" */;
			compatibilityVersion = "Xcode 9.3";
			developmentRegion = en;
			hasScannedForEncodings = 0;
			knownRegions = (
				en,
				Base,
			);
			mainGroup = 61B0440B271DFB8700C00FA4;
			productRefGroup = 61B04415271DFB8800C00FA4 /* Products */;
			projectDirPath = "";
			projectRoot = "";
			targets = (
				61B04413271DFB8700C00FA4 /* Prework */,
				61B04429271DFBB000C00FA4 /* PreworkTests */,
				61B04434271DFBB000C00FA4 /* PreworkUITests */,
			);
		};
/* End PBXProject section */

/* Begin PBXResourcesBuildPhase section */
		61B04412271DFB8700C00FA4 /* Resources */ = {
			isa = PBXResourcesBuildPhase;
			buildActionMask = 2147483647;
			files = (
				61B04424271DFBAE00C00FA4 /* LaunchScreen.storyboard in Resources */,
				61B04421271DFBAE00C00FA4 /* Assets.xcassets in Resources */,
				61B0441F271DFB8800C00FA4 /* Main.storyboard in Resources */,
			);
			runOnlyForDeploymentPostprocessing = 0;
		};
		61B04428271DFBB000C00FA4 /* Resources */ = {
			isa = PBXResourcesBuildPhase;
			buildActionMask = 2147483647;
			files = (
			);
			runOnlyForDeploymentPostprocessing = 0;
		};
		61B04433271DFBB000C00FA4 /* Resources */ = {
			isa = PBXResourcesBuildPhase;
			buildActionMask = 2147483647;
			files = (
			);
			runOnlyForDeploymentPostprocessing = 0;
		};
/* End PBXResourcesBuildPhase section */

/* Begin PBXSourcesBuildPhase section */
		61B04410271DFB8700C00FA4 /* Sources */ = {
			isa = PBXSourcesBuildPhase;
			buildActionMask = 2147483647;
			files = (
				61B0441C271DFB8800C00FA4 /* ViewController.swift in Sources */,
				61B04418271DFB8800C00FA4 /* AppDelegate.swift in Sources */,
				61B0441A271DFB8800C00FA4 /* SceneDelegate.swift in Sources */,
			);
			runOnlyForDeploymentPostprocessing = 0;
		};
		61B04426271DFBB000C00FA4 /* Sources */ = {
			isa = PBXSourcesBuildPhase;
			buildActionMask = 2147483647;
			files = (
				61B0442F271DFBB000C00FA4 /* PreworkTests.swift in Sources */,
			);
			runOnlyForDeploymentPostprocessing = 0;
		};
		61B04431271DFBB000C00FA4 /* Sources */ = {
			isa = PBXSourcesBuildPhase;
			buildActionMask = 2147483647;
			files = (
				61B0443A271DFBB000C00FA4 /* PreworkUITests.swift in Sources */,
			);
			runOnlyForDeploymentPostprocessing = 0;
		};
/* End PBXSourcesBuildPhase section */

/* Begin PBXTargetDependency section */
		61B0442C271DFBB000C00FA4 /* PBXTargetDependency */ = {
			isa = PBXTargetDependency;
			target = 61B04413271DFB8700C00FA4 /* Prework */;
			targetProxy = 61B0442B271DFBB000C00FA4 /* PBXContainerItemProxy */;
		};
		61B04437271DFBB000C00FA4 /* PBXTargetDependency */ = {
			isa = PBXTargetDependency;
			target = 61B04413271DFB8700C00FA4 /* Prework */;
			targetProxy = 61B04436271DFBB000C00FA4 /* PBXContainerItemProxy */;
		};
/* End PBXTargetDependency section */

/* Begin PBXVariantGroup section */
		61B0441D271DFB8800C00FA4 /* Main.storyboard */ = {
			isa = PBXVariantGroup;
			children = (
				61B0441E271DFB8800C00FA4 /* Base */,
			);
			name = Main.storyboard;
			sourceTree = "<group>";
		};
		61B04422271DFBAE00C00FA4 /* LaunchScreen.storyboard */ = {
			isa = PBXVariantGroup;
			children = (
				61B04423271DFBAE00C00FA4 /* Base */,
			);
			name = LaunchScreen.storyboard;
			sourceTree = "<group>";
		};
/* End PBXVariantGroup section */

/* Begin XCBuildConfiguration section */
		61B0443C271DFBB000C00FA4 /* Debug */ = {
			isa = XCBuildConfiguration;
			buildSettings = {
				ALWAYS_SEARCH_USER_PATHS = NO;
				CLANG_ANALYZER_NONNULL = YES;
				CLANG_ANALYZER_NUMBER_OBJECT_CONVERSION = YES_AGGRESSIVE;
				CLANG_CXX_LANGUAGE_STANDARD = "gnu++14";
				CLANG_CXX_LIBRARY = "libc++";
				CLANG_ENABLE_MODULES = YES;
				CLANG_ENABLE_OBJC_ARC = YES;
				CLANG_ENABLE_OBJC_WEAK = YES;
				CLANG_WARN_BLOCK_CAPTURE_AUTORELEASING = YES;
				CLANG_WARN_BOOL_CONVERSION = YES;
				CLANG_WARN_COMMA = YES;
				CLANG_WARN_CONSTANT_CONVERSION = YES;
				CLANG_WARN_DEPRECATED_OBJC_IMPLEMENTATIONS = YES;
				CLANG_WARN_DIRECT_OBJC_ISA_USAGE = YES_ERROR;
				CLANG_WARN_DOCUMENTATION_COMMENTS = YES;
				CLANG_WARN_EMPTY_BODY = YES;
				CLANG_WARN_ENUM_CONVERSION = YES;
				CLANG_WARN_INFINITE_RECURSION = YES;
				CLANG_WARN_INT_CONVERSION = YES;
				CLANG_WARN_NON_LITERAL_NULL_CONVERSION = YES;
				CLANG_WARN_OBJC_IMPLICIT_RETAIN_SELF = YES;
				CLANG_WARN_OBJC_LITERAL_CONVERSION = YES;
				CLANG_WARN_OBJC_ROOT_CLASS = YES_ERROR;
				CLANG_WARN_RANGE_LOOP_ANALYSIS = YES;
				CLANG_WARN_STRICT_PROTOTYPES = YES;
				CLANG_WARN_SUSPICIOUS_MOVE = YES;
				CLANG_WARN_UNGUARDED_AVAILABILITY = YES_AGGRESSIVE;
				CLANG_WARN_UNREACHABLE_CODE = YES;
				CLANG_WARN__DUPLICATE_METHOD_MATCH = YES;
				COPY_PHASE_STRIP = NO;
				DEBUG_INFORMATION_FORMAT = dwarf;
				ENABLE_STRICT_OBJC_MSGSEND = YES;
				ENABLE_TESTABILITY = YES;
				GCC_C_LANGUAGE_STANDARD = gnu11;
				GCC_DYNAMIC_NO_PIC = NO;
				GCC_NO_COMMON_BLOCKS = YES;
				GCC_OPTIMIZATION_LEVEL = 0;
				GCC_PREPROCESSOR_DEFINITIONS = (
					"DEBUG=1",
					"$(inherited)",
				);
				GCC_WARN_64_TO_32_BIT_CONVERSION = YES;
				GCC_WARN_ABOUT_RETURN_TYPE = YES_ERROR;
				GCC_WARN_UNDECLARED_SELECTOR = YES;
				GCC_WARN_UNINITIALIZED_AUTOS = YES_AGGRESSIVE;
				GCC_WARN_UNUSED_FUNCTION = YES;
				GCC_WARN_UNUSED_VARIABLE = YES;
				IPHONEOS_DEPLOYMENT_TARGET = 13.2;
				MTL_ENABLE_DEBUG_INFO = INCLUDE_SOURCE;
				MTL_FAST_MATH = YES;
				ONLY_ACTIVE_ARCH = YES;
				SDKROOT = iphoneos;
				SWIFT_ACTIVE_COMPILATION_CONDITIONS = DEBUG;
				SWIFT_OPTIMIZATION_LEVEL = "-Onone";
			};
			name = Debug;
		};
		61B0443D271DFBB000C00FA4 /* Release */ = {
			isa = XCBuildConfiguration;
			buildSettings = {
				ALWAYS_SEARCH_USER_PATHS = NO;
				CLANG_ANALYZER_NONNULL = YES;
				CLANG_ANALYZER_NUMBER_OBJECT_CONVERSION = YES_AGGRESSIVE;
				CLANG_CXX_LANGUAGE_STANDARD = "gnu++14";
				CLANG_CXX_LIBRARY = "libc++";
				CLANG_ENABLE_MODULES = YES;
				CLANG_ENABLE_OBJC_ARC = YES;
				CLANG_ENABLE_OBJC_WEAK = YES;
				CLANG_WARN_BLOCK_CAPTURE_AUTORELEASING = YES;
				CLANG_WARN_BOOL_CONVERSION = YES;
				CLANG_WARN_COMMA = YES;
				CLANG_WARN_CONSTANT_CONVERSION = YES;
				CLANG_WARN_DEPRECATED_OBJC_IMPLEMENTATIONS = YES;
				CLANG_WARN_DIRECT_OBJC_ISA_USAGE = YES_ERROR;
				CLANG_WARN_DOCUMENTATION_COMMENTS = YES;
				CLANG_WARN_EMPTY_BODY = YES;
				CLANG_WARN_ENUM_CONVERSION = YES;
				CLANG_WARN_INFINITE_RECURSION = YES;
				CLANG_WARN_INT_CONVERSION = YES;
				CLANG_WARN_NON_LITERAL_NULL_CONVERSION = YES;
				CLANG_WARN_OBJC_IMPLICIT_RETAIN_SELF = YES;
				CLANG_WARN_OBJC_LITERAL_CONVERSION = YES;
				CLANG_WARN_OBJC_ROOT_CLASS = YES_ERROR;
				CLANG_WARN_RANGE_LOOP_ANALYSIS = YES;
				CLANG_WARN_STRICT_PROTOTYPES = YES;
				CLANG_WARN_SUSPICIOUS_MOVE = YES;
				CLANG_WARN_UNGUARDED_AVAILABILITY = YES_AGGRESSIVE;
				CLANG_WARN_UNREACHABLE_CODE = YES;
				CLANG_WARN__DUPLICATE_METHOD_MATCH = YES;
				COPY_PHASE_STRIP = NO;
				DEBUG_INFORMATION_FORMAT = "dwarf-with-dsym";
				ENABLE_NS_ASSERTIONS = NO;
				ENABLE_STRICT_OBJC_MSGSEND = YES;
				GCC_C_LANGUAGE_STANDARD = gnu11;
				GCC_NO_COMMON_BLOCKS = YES;
				GCC_WARN_64_TO_32_BIT_CONVERSION = YES;
				GCC_WARN_ABOUT_RETURN_TYPE = YES_ERROR;
				GCC_WARN_UNDECLARED_SELECTOR = YES;
				GCC_WARN_UNINITIALIZED_AUTOS = YES_AGGRESSIVE;
				GCC_WARN_UNUSED_FUNCTION = YES;
				GCC_WARN_UNUSED_VARIABLE = YES;
				IPHONEOS_DEPLOYMENT_TARGET = 13.2;
				MTL_ENABLE_DEBUG_INFO = NO;
				MTL_FAST_MATH = YES;
				SDKROOT = iphoneos;
				SWIFT_COMPILATION_MODE = wholemodule;
				SWIFT_OPTIMIZATION_LEVEL = "-O";
				VALIDATE_PRODUCT = YES;
			};
			name = Release;
		};
		61B0443F271DFBB000C00FA4 /* Debug */ = {
			isa = XCBuildConfiguration;
			buildSettings = {
				ASSETCATALOG_COMPILER_APPICON_NAME = AppIcon;
				CODE_SIGN_STYLE = Automatic;
				INFOPLIST_FILE = Prework/Info.plist;
				LD_RUNPATH_SEARCH_PATHS = (
					"$(inherited)",
					"@executable_path/Frameworks",
				);
				PRODUCT_BUNDLE_IDENTIFIER = memo.com.Prework;
				PRODUCT_NAME = "$(TARGET_NAME)";
				SWIFT_VERSION = 5.0;
				TARGETED_DEVICE_FAMILY = "1,2";
			};
			name = Debug;
		};
		61B04440271DFBB000C00FA4 /* Release */ = {
			isa = XCBuildConfiguration;
			buildSettings = {
				ASSETCATALOG_COMPILER_APPICON_NAME = AppIcon;
				CODE_SIGN_STYLE = Automatic;
				INFOPLIST_FILE = Prework/Info.plist;
				LD_RUNPATH_SEARCH_PATHS = (
					"$(inherited)",
					"@executable_path/Frameworks",
				);
				PRODUCT_BUNDLE_IDENTIFIER = memo.com.Prework;
				PRODUCT_NAME = "$(TARGET_NAME)";
				SWIFT_VERSION = 5.0;
				TARGETED_DEVICE_FAMILY = "1,2";
			};
			name = Release;
		};
		61B04442271DFBB000C00FA4 /* Debug */ = {
			isa = XCBuildConfiguration;
			buildSettings = {
				ALWAYS_EMBED_SWIFT_STANDARD_LIBRARIES = YES;
				BUNDLE_LOADER = "$(TEST_HOST)";
				CODE_SIGN_STYLE = Automatic;
				INFOPLIST_FILE = PreworkTests/Info.plist;
				IPHONEOS_DEPLOYMENT_TARGET = 13.2;
				LD_RUNPATH_SEARCH_PATHS = (
					"$(inherited)",
					"@executable_path/Frameworks",
					"@loader_path/Frameworks",
				);
				PRODUCT_BUNDLE_IDENTIFIER = memo.com.PreworkTests;
				PRODUCT_NAME = "$(TARGET_NAME)";
				SWIFT_VERSION = 5.0;
				TARGETED_DEVICE_FAMILY = "1,2";
				TEST_HOST = "$(BUILT_PRODUCTS_DIR)/Prework.app/Prework";
			};
			name = Debug;
		};
		61B04443271DFBB000C00FA4 /* Release */ = {
			isa = XCBuildConfiguration;
			buildSettings = {
				ALWAYS_EMBED_SWIFT_STANDARD_LIBRARIES = YES;
				BUNDLE_LOADER = "$(TEST_HOST)";
				CODE_SIGN_STYLE = Automatic;
				INFOPLIST_FILE = PreworkTests/Info.plist;
				IPHONEOS_DEPLOYMENT_TARGET = 13.2;
				LD_RUNPATH_SEARCH_PATHS = (
					"$(inherited)",
					"@executable_path/Frameworks",
					"@loader_path/Frameworks",
				);
				PRODUCT_BUNDLE_IDENTIFIER = memo.com.PreworkTests;
				PRODUCT_NAME = "$(TARGET_NAME)";
				SWIFT_VERSION = 5.0;
				TARGETED_DEVICE_FAMILY = "1,2";
				TEST_HOST = "$(BUILT_PRODUCTS_DIR)/Prework.app/Prework";
			};
			name = Release;
		};
		61B04445271DFBB000C00FA4 /* Debug */ = {
			isa = XCBuildConfiguration;
			buildSettings = {
				ALWAYS_EMBED_SWIFT_STANDARD_LIBRARIES = YES;
				CODE_SIGN_STYLE = Automatic;
				INFOPLIST_FILE = PreworkUITests/Info.plist;
				LD_RUNPATH_SEARCH_PATHS = (
					"$(inherited)",
					"@executable_path/Frameworks",
					"@loader_path/Frameworks",
				);
				PRODUCT_BUNDLE_IDENTIFIER = memo.com.PreworkUITests;
				PRODUCT_NAME = "$(TARGET_NAME)";
				SWIFT_VERSION = 5.0;
				TARGETED_DEVICE_FAMILY = "1,2";
				TEST_TARGET_NAME = Prework;
			};
			name = Debug;
		};
		61B04446271DFBB000C00FA4 /* Release */ = {
			isa = XCBuildConfiguration;
			buildSettings = {
				ALWAYS_EMBED_SWIFT_STANDARD_LIBRARIES = YES;
				CODE_SIGN_STYLE = Automatic;
				INFOPLIST_FILE = PreworkUITests/Info.plist;
				LD_RUNPATH_SEARCH_PATHS = (
					"$(inherited)",
					"@executable_path/Frameworks",
					"@loader_path/Frameworks",
				);
				PRODUCT_BUNDLE_IDENTIFIER = memo.com.PreworkUITests;
				PRODUCT_NAME = "$(TARGET_NAME)";
				SWIFT_VERSION = 5.0;
				TARGETED_DEVICE_FAMILY = "1,2";
				TEST_TARGET_NAME = Prework;
			};
			name = Release;
		};
/* End XCBuildConfiguration section */

/* Begin XCConfigurationList section */
		61B0440F271DFB8700C00FA4 /* Build configuration list for PBXProject "Prework" */ = {
			isa = XCConfigurationList;
			buildConfigurations = (
				61B0443C271DFBB000C00FA4 /* Debug */,
				61B0443D271DFBB000C00FA4 /* Release */,
			);
			defaultConfigurationIsVisible = 0;
			defaultConfigurationName = Release;
		};
		61B0443E271DFBB000C00FA4 /* Build configuration list for PBXNativeTarget "Prework" */ = {
			isa = XCConfigurationList;
			buildConfigurations = (
				61B0443F271DFBB000C00FA4 /* Debug */,
				61B04440271DFBB000C00FA4 /* Release */,
			);
			defaultConfigurationIsVisible = 0;
			defaultConfigurationName = Release;
		};
		61B04441271DFBB000C00FA4 /* Build configuration list for PBXNativeTarget "PreworkTests" */ = {
			isa = XCConfigurationList;
			buildConfigurations = (
				61B04442271DFBB000C00FA4 /* Debug */,
				61B04443271DFBB000C00FA4 /* Release */,
			);
			defaultConfigurationIsVisible = 0;
			defaultConfigurationName = Release;
		};
		61B04444271DFBB000C00FA4 /* Build configuration list for PBXNativeTarget "PreworkUITests" */ = {
			isa = XCConfigurationList;
			buildConfigurations = (
				61B04445271DFBB000C00FA4 /* Debug */,
				61B04446271DFBB000C00FA4 /* Release */,
			);
			defaultConfigurationIsVisible = 0;
			defaultConfigurationName = Release;
		};
/* End XCConfigurationList section */
	};
	rootObject = 61B0440C271DFB8700C00FA4 /* Project object */;
}
